
Microsoft Visual Studio Solution File, Format Version 12.00
# Visual Studio Version 17
VisualStudioVersion = 17.14.36414.22 d17.14
MinimumVisualStudioVersion = 10.0.40219.1
Project("{FAE04EC0-301F-11D3-BF4B-00C04F79EFBC}") = "AccSamse.1.1", "AccSamse.1.1.csproj", "{0C671D69-F8AE-4077-A1FA-D46BCB5E2F3C}"
EndProject
Global
	GlobalSection(SolutionConfigurationPlatforms) = preSolution
		Debug|Any CPU = Debug|Any CPU
		Release|Any CPU = Release|Any CPU
	EndGlobalSection
	GlobalSection(ProjectConfigurationPlatforms) = postSolution
		{0C671D69-F8AE-4077-A1FA-D46BCB5E2F3C}.Debug|Any CPU.ActiveCfg = Debug|Any CPU
		{0C671D69-F8AE-4077-A1FA-D46BCB5E2F3C}.Debug|Any CPU.Build.0 = Debug|Any CPU
		{0C671D69-F8AE-4077-A1FA-D46BCB5E2F3C}.Release|Any CPU.ActiveCfg = Release|Any CPU
		{0C671D69-F8AE-4077-A1FA-D46BCB5E2F3C}.Release|Any CPU.Build.0 = Release|Any CPU
	EndGlobalSection
	GlobalSection(SolutionProperties) = preSolution
		HideSolutionNode = FALSE
	EndGlobalSection
	GlobalSection(ExtensibilityGlobals) = postSolution
		SolutionGuid = {D1E3DB27-23AD-4D9A-A013-7EB032402A65}
	EndGlobalSection
EndGlobal
